// !$*UTF8*$!
{
	archiveVersion = 1;
	classes = {
	};
	objectVersion = 52;
	objects = {

/* Begin PBXBuildFile section */
		DA3C074D246F1E09009E3259 /* AppDelegate.swift in Sources */ = {isa = PBXBuildFile; fileRef = DA3C074C246F1E09009E3259 /* AppDelegate.swift */; };
		DA3C074F246F1E09009E3259 /* SceneDelegate.swift in Sources */ = {isa = PBXBuildFile; fileRef = DA3C074E246F1E09009E3259 /* SceneDelegate.swift */; };
		DA3C0751246F1E09009E3259 /* ViewController.swift in Sources */ = {isa = PBXBuildFile; fileRef = DA3C0750246F1E09009E3259 /* ViewController.swift */; };
		DA3C0754246F1E09009E3259 /* Main.storyboard in Resources */ = {isa = PBXBuildFile; fileRef = DA3C0752246F1E09009E3259 /* Main.storyboard */; };
		DA3C0756246F1E0C009E3259 /* Assets.xcassets in Resources */ = {isa = PBXBuildFile; fileRef = DA3C0755246F1E0C009E3259 /* Assets.xcassets */; };
		DA3C0759246F1E0C009E3259 /* LaunchScreen.storyboard in Resources */ = {isa = PBXBuildFile; fileRef = DA3C0757246F1E0C009E3259 /* LaunchScreen.storyboard */; };
		DA3C0761246F20DB009E3259 /* anime.mlmodel in Sources */ = {isa = PBXBuildFile; fileRef = DA3C0760246F20DB009E3259 /* anime.mlmodel */; };
		DA3C0764246F218A009E3259 /* SwiftExtensions in Frameworks */ = {isa = PBXBuildFile; productRef = DA3C0763246F218A009E3259 /* SwiftExtensions */; };
/* End PBXBuildFile section */

/* Begin PBXFileReference section */
		DA3C0749246F1E09009E3259 /* iOS 画像.app */ = {isa = PBXFileReference; explicitFileType = wrapper.application; includeInIndex = 0; path = "iOS 画像.app"; sourceTree = BUILT_PRODUCTS_DIR; };
		DA3C074C246F1E09009E3259 /* AppDelegate.swift */ = {isa = PBXFileReference; lastKnownFileType = sourcecode.swift; path = AppDelegate.swift; sourceTree = "<group>"; };
		DA3C074E246F1E09009E3259 /* SceneDelegate.swift */ = {isa = PBXFileReference; lastKnownFileType = sourcecode.swift; path = SceneDelegate.swift; sourceTree = "<group>"; };
		DA3C0750246F1E09009E3259 /* ViewController.swift */ = {isa = PBXFileReference; lastKnownFileType = sourcecode.swift; path = ViewController.swift; sourceTree = "<group>"; };
		DA3C0753246F1E09009E3259 /* Base */ = {isa = PBXFileReference; lastKnownFileType = file.storyboard; name = Base; path = Base.lproj/Main.storyboard; sourceTree = "<group>"; };
		DA3C0755246F1E0C009E3259 /* Assets.xcassets */ = {isa = PBXFileReference; lastKnownFileType = folder.assetcatalog; path = Assets.xcassets; sourceTree = "<group>"; };
		DA3C0758246F1E0C009E3259 /* Base */ = {isa = PBXFileReference; lastKnownFileType = file.storyboard; name = Base; path = Base.lproj/LaunchScreen.storyboard; sourceTree = "<group>"; };
		DA3C075A246F1E0C009E3259 /* Info.plist */ = {isa = PBXFileReference; lastKnownFileType = text.plist.xml; path = Info.plist; sourceTree = "<group>"; };
		DA3C0760246F20DB009E3259 /* anime.mlmodel */ = {isa = PBXFileReference; lastKnownFileType = file.mlmodel; path = anime.mlmodel; sourceTree = "<group>"; };
/* End PBXFileReference section */

/* Begin PBXFrameworksBuildPhase section */
		DA3C0746246F1E09009E3259 /* Frameworks */ = {
			isa = PBXFrameworksBuildPhase;
			buildActionMask = 2147483647;
			files = (
				DA3C0764246F218A009E3259 /* SwiftExtensions in Frameworks */,
			);
			runOnlyForDeploymentPostprocessing = 0;
		};
/* End PBXFrameworksBuildPhase section */

/* Begin PBXGroup section */
		DA3C0740246F1E09009E3259 = {
			isa = PBXGroup;
			children = (
				DA3C074B246F1E09009E3259 /* iOS 画像 */,
				DA3C074A246F1E09009E3259 /* Products */,
			);
			sourceTree = "<group>";
		};
		DA3C074A246F1E09009E3259 /* Products */ = {
			isa = PBXGroup;
			children = (
				DA3C0749246F1E09009E3259 /* iOS 画像.app */,
			);
			name = Products;
			sourceTree = "<group>";
		};
		DA3C074B246F1E09009E3259 /* iOS 画像 */ = {
			isa = PBXGroup;
			children = (
				DA3C0760246F20DB009E3259 /* anime.mlmodel */,
				DA3C074C246F1E09009E3259 /* AppDelegate.swift */,
				DA3C074E246F1E09009E3259 /* SceneDelegate.swift */,
				DA3C0750246F1E09009E3259 /* ViewController.swift */,
				DA3C0752246F1E09009E3259 /* Main.storyboard */,
				DA3C0755246F1E0C009E3259 /* Assets.xcassets */,
				DA3C0757246F1E0C009E3259 /* LaunchScreen.storyboard */,
				DA3C075A246F1E0C009E3259 /* Info.plist */,
			);
			path = "iOS 画像";
			sourceTree = "<group>";
		};
/* End PBXGroup section */

/* Begin PBXNativeTarget section */
		DA3C0748246F1E09009E3259 /* iOS 画像 */ = {
			isa = PBXNativeTarget;
			buildConfigurationList = DA3C075D246F1E0C009E3259 /* Build configuration list for PBXNativeTarget "iOS 画像" */;
			buildPhases = (
				DA3C0745246F1E09009E3259 /* Sources */,
				DA3C0746246F1E09009E3259 /* Frameworks */,
				DA3C0747246F1E09009E3259 /* Resources */,
			);
			buildRules = (
			);
			dependencies = (
			);
			name = "iOS 画像";
			packageProductDependencies = (
				DA3C0763246F218A009E3259 /* SwiftExtensions */,
			);
			productName = "iOS 画像";
			productReference = DA3C0749246F1E09009E3259 /* iOS 画像.app */;
			productType = "com.apple.product-type.application";
		};
/* End PBXNativeTarget section */

/* Begin PBXProject section */
		DA3C0741246F1E09009E3259 /* Project object */ = {
			isa = PBXProject;
			attributes = {
				LastSwiftUpdateCheck = 1140;
				LastUpgradeCheck = 1140;
				ORGANIZATIONNAME = "Shunzhe Ma";
				TargetAttributes = {
					DA3C0748246F1E09009E3259 = {
						CreatedOnToolsVersion = 11.4.1;
					};
				};
			};
			buildConfigurationList = DA3C0744246F1E09009E3259 /* Build configuration list for PBXProject "iOS 画像" */;
			compatibilityVersion = "Xcode 9.3";
			developmentRegion = en;
			hasScannedForEncodings = 0;
			knownRegions = (
				en,
				Base,
			);
			mainGroup = DA3C0740246F1E09009E3259;
			packageReferences = (
				DA3C0762246F218A009E3259 /* XCRemoteSwiftPackageReference "Swift-Extensions" */,
			);
			productRefGroup = DA3C074A246F1E09009E3259 /* Products */;
			projectDirPath = "";
			projectRoot = "";
			targets = (
				DA3C0748246F1E09009E3259 /* iOS 画像 */,
			);
		};
/* End PBXProject section */

/* Begin PBXResourcesBuildPhase section */
		DA3C0747246F1E09009E3259 /* Resources */ = {
			isa = PBXResourcesBuildPhase;
			buildActionMask = 2147483647;
			files = (
				DA3C0759246F1E0C009E3259 /* LaunchScreen.storyboard in Resources */,
				DA3C0756246F1E0C009E3259 /* Assets.xcassets in Resources */,
				DA3C0754246F1E09009E3259 /* Main.storyboard in Resources */,
			);
			runOnlyForDeploymentPostprocessing = 0;
		};
/* End PBXResourcesBuildPhase section */

/* Begin PBXSourcesBuildPhase section */
		DA3C0745246F1E09009E3259 /* Sources */ = {
			isa = PBXSourcesBuildPhase;
			buildActionMask = 2147483647;
			files = (
				DA3C0751246F1E09009E3259 /* ViewController.swift in Sources */,
				DA3C074D246F1E09009E3259 /* AppDelegate.swift in Sources */,
				DA3C074F246F1E09009E3259 /* SceneDelegate.swift in Sources */,
				DA3C0761246F20DB009E3259 /* anime.mlmodel in Sources */,
			);
			runOnlyForDeploymentPostprocessing = 0;
		};
/* End PBXSourcesBuildPhase section */

/* Begin PBXVariantGroup section */
		DA3C0752246F1E09009E3259 /* Main.storyboard */ = {
			isa = PBXVariantGroup;
			children = (
				DA3C0753246F1E09009E3259 /* Base */,
			);
			name = Main.storyboard;
			sourceTree = "<group>";
		};
		DA3C0757246F1E0C009E3259 /* LaunchScreen.storyboard */ = {
			isa = PBXVariantGroup;
			children = (
				DA3C0758246F1E0C009E3259 /* Base */,
			);
			name = LaunchScreen.storyboard;
			sourceTree = "<group>";
		};
/* End PBXVariantGroup section */

/* Begin XCBuildConfiguration section */
		DA3C075B246F1E0C009E3259 /* Debug */ = {
			isa = XCBuildConfiguration;
			buildSettings = {
				ALWAYS_SEARCH_USER_PATHS = NO;
				CLANG_ANALYZER_NONNULL = YES;
				CLANG_ANALYZER_NUMBER_OBJECT_CONVERSION = YES_AGGRESSIVE;
				CLANG_CXX_LANGUAGE_STANDARD = "gnu++14";
				CLANG_CXX_LIBRARY = "libc++";
				CLANG_ENABLE_MODULES = YES;
				CLANG_ENABLE_OBJC_ARC = YES;
				CLANG_ENABLE_OBJC_WEAK = YES;
				CLANG_WARN_BLOCK_CAPTURE_AUTORELEASING = YES;
				CLANG_WARN_BOOL_CONVERSION = YES;
				CLANG_WARN_COMMA = YES;
				CLANG_WARN_CONSTANT_CONVERSION = YES;
				CLANG_WARN_DEPRECATED_OBJC_IMPLEMENTATIONS = YES;
				CLANG_WARN_DIRECT_OBJC_ISA_USAGE = YES_ERROR;
				CLANG_WARN_DOCUMENTATION_COMMENTS = YES;
				CLANG_WARN_EMPTY_BODY = YES;
				CLANG_WARN_ENUM_CONVERSION = YES;
				CLANG_WARN_INFINITE_RECURSION = YES;
				CLANG_WARN_INT_CONVERSION = YES;
				CLANG_WARN_NON_LITERAL_NULL_CONVERSION = YES;
				CLANG_WARN_OBJC_IMPLICIT_RETAIN_SELF = YES;
				CLANG_WARN_OBJC_LITERAL_CONVERSION = YES;
				CLANG_WARN_OBJC_ROOT_CLASS = YES_ERROR;
				CLANG_WARN_RANGE_LOOP_ANALYSIS = YES;
				CLANG_WARN_STRICT_PROTOTYPES = YES;
				CLANG_WARN_SUSPICIOUS_MOVE = YES;
				CLANG_WARN_UNGUARDED_AVAILABILITY = YES_AGGRESSIVE;
				CLANG_WARN_UNREACHABLE_CODE = YES;
				CLANG_WARN__DUPLICATE_METHOD_MATCH = YES;
				COPY_PHASE_STRIP = NO;
				DEBUG_INFORMATION_FORMAT = dwarf;
				ENABLE_STRICT_OBJC_MSGSEND = YES;
				ENABLE_TESTABILITY = YES;
				GCC_C_LANGUAGE_STANDARD = gnu11;
				GCC_DYNAMIC_NO_PIC = NO;
				GCC_NO_COMMON_BLOCKS = YES;
				GCC_OPTIMIZATION_LEVEL = 0;
				GCC_PREPROCESSOR_DEFINITIONS = (
					"DEBUG=1",
					"$(inherited)",
				);
				GCC_WARN_64_TO_32_BIT_CONVERSION = YES;
				GCC_WARN_ABOUT_RETURN_TYPE = YES_ERROR;
				GCC_WARN_UNDECLARED_SELECTOR = YES;
				GCC_WARN_UNINITIALIZED_AUTOS = YES_AGGRESSIVE;
				GCC_WARN_UNUSED_FUNCTION = YES;
				GCC_WARN_UNUSED_VARIABLE = YES;
				IPHONEOS_DEPLOYMENT_TARGET = 13.4;
				MTL_ENABLE_DEBUG_INFO = INCLUDE_SOURCE;
				MTL_FAST_MATH = YES;
				ONLY_ACTIVE_ARCH = YES;
				SDKROOT = iphoneos;
				SWIFT_ACTIVE_COMPILATION_CONDITIONS = DEBUG;
				SWIFT_OPTIMIZATION_LEVEL = "-Onone";
			};
			name = Debug;
		};
		DA3C075C246F1E0C009E3259 /* Release */ = {
			isa = XCBuildConfiguration;
			buildSettings = {
				ALWAYS_SEARCH_USER_PATHS = NO;
				CLANG_ANALYZER_NONNULL = YES;
				CLANG_ANALYZER_NUMBER_OBJECT_CONVERSION = YES_AGGRESSIVE;
				CLANG_CXX_LANGUAGE_STANDARD = "gnu++14";
				CLANG_CXX_LIBRARY = "libc++";
				CLANG_ENABLE_MODULES = YES;
				CLANG_ENABLE_OBJC_ARC = YES;
				CLANG_ENABLE_OBJC_WEAK = YES;
				CLANG_WARN_BLOCK_CAPTURE_AUTORELEASING = YES;
				CLANG_WARN_BOOL_CONVERSION = YES;
				CLANG_WARN_COMMA = YES;
				CLANG_WARN_CONSTANT_CONVERSION = YES;
				CLANG_WARN_DEPRECATED_OBJC_IMPLEMENTATIONS = YES;
				CLANG_WARN_DIRECT_OBJC_ISA_USAGE = YES_ERROR;
				CLANG_WARN_DOCUMENTATION_COMMENTS = YES;
				CLANG_WARN_EMPTY_BODY = YES;
				CLANG_WARN_ENUM_CONVERSION = YES;
				CLANG_WARN_INFINITE_RECURSION = YES;
				CLANG_WARN_INT_CONVERSION = YES;
				CLANG_WARN_NON_LITERAL_NULL_CONVERSION = YES;
				CLANG_WARN_OBJC_IMPLICIT_RETAIN_SELF = YES;
				CLANG_WARN_OBJC_LITERAL_CONVERSION = YES;
				CLANG_WARN_OBJC_ROOT_CLASS = YES_ERROR;
				CLANG_WARN_RANGE_LOOP_ANALYSIS = YES;
				CLANG_WARN_STRICT_PROTOTYPES = YES;
				CLANG_WARN_SUSPICIOUS_MOVE = YES;
				CLANG_WARN_UNGUARDED_AVAILABILITY = YES_AGGRESSIVE;
				CLANG_WARN_UNREACHABLE_CODE = YES;
				CLANG_WARN__DUPLICATE_METHOD_MATCH = YES;
				COPY_PHASE_STRIP = NO;
				DEBUG_INFORMATION_FORMAT = "dwarf-with-dsym";
				ENABLE_NS_ASSERTIONS = NO;
				ENABLE_STRICT_OBJC_MSGSEND = YES;
				GCC_C_LANGUAGE_STANDARD = gnu11;
				GCC_NO_COMMON_BLOCKS = YES;
				GCC_WARN_64_TO_32_BIT_CONVERSION = YES;
				GCC_WARN_ABOUT_RETURN_TYPE = YES_ERROR;
				GCC_WARN_UNDECLARED_SELECTOR = YES;
				GCC_WARN_UNINITIALIZED_AUTOS = YES_AGGRESSIVE;
				GCC_WARN_UNUSED_FUNCTION = YES;
				GCC_WARN_UNUSED_VARIABLE = YES;
				IPHONEOS_DEPLOYMENT_TARGET = 13.4;
				MTL_ENABLE_DEBUG_INFO = NO;
				MTL_FAST_MATH = YES;
				SDKROOT = iphoneos;
				SWIFT_COMPILATION_MODE = wholemodule;
				SWIFT_OPTIMIZATION_LEVEL = "-O";
				VALIDATE_PRODUCT = YES;
			};
			name = Release;
		};
		DA3C075E246F1E0C009E3259 /* Debug */ = {
			isa = XCBuildConfiguration;
			buildSettings = {
				ASSETCATALOG_COMPILER_APPICON_NAME = AppIcon;
				CODE_SIGN_STYLE = Automatic;
				DEVELOPMENT_TEAM = "";
				INFOPLIST_FILE = "iOS 画像/Info.plist";
				IPHONEOS_DEPLOYMENT_TARGET = 13.0;
				LD_RUNPATH_SEARCH_PATHS = (
					"$(inherited)",
					"@executable_path/Frameworks",
				);
				PRODUCT_BUNDLE_IDENTIFIER = com.demo.demo1;
				PRODUCT_NAME = "$(TARGET_NAME)";
				SWIFT_VERSION = 5.0;
				TARGETED_DEVICE_FAMILY = "1,2";
			};
			name = Debug;
		};
		DA3C075F246F1E0C009E3259 /* Release */ = {
			isa = XCBuildConfiguration;
			buildSettings = {
				ASSETCATALOG_COMPILER_APPICON_NAME = AppIcon;
				CODE_SIGN_STYLE = Automatic;
				DEVELOPMENT_TEAM = "";
				INFOPLIST_FILE = "iOS 画像/Info.plist";
				IPHONEOS_DEPLOYMENT_TARGET = 13.0;
				LD_RUNPATH_SEARCH_PATHS = (
					"$(inherited)",
					"@executable_path/Frameworks",
				);
				PRODUCT_BUNDLE_IDENTIFIER = com.demo.demo1;
				PRODUCT_NAME = "$(TARGET_NAME)";
				SWIFT_VERSION = 5.0;
				TARGETED_DEVICE_FAMILY = "1,2";
			};
			name = Release;
		};
/* End XCBuildConfiguration section */

/* Begin XCConfigurationList section */
		DA3C0744246F1E09009E3259 /* Build configuration list for PBXProject "iOS 画像" */ = {
			isa = XCConfigurationList;
			buildConfigurations = (
				DA3C075B246F1E0C009E3259 /* Debug */,
				DA3C075C246F1E0C009E3259 /* Release */,
			);
			defaultConfigurationIsVisible = 0;
			defaultConfigurationName = Release;
		};
		DA3C075D246F1E0C009E3259 /* Build configuration list for PBXNativeTarget "iOS 画像" */ = {
			isa = XCConfigurationList;
			buildConfigurations = (
				DA3C075E246F1E0C009E3259 /* Debug */,
				DA3C075F246F1E0C009E3259 /* Release */,
			);
			defaultConfigurationIsVisible = 0;
			defaultConfigurationName = Release;
		};
/* End XCConfigurationList section */

/* Begin XCRemoteSwiftPackageReference section */
		DA3C0762246F218A009E3259 /* XCRemoteSwiftPackageReference "Swift-Extensions" */ = {
			isa = XCRemoteSwiftPackageReference;
			repositoryURL = "https://github.com/mszopensource/Swift-Extensions.git";
			requirement = {
				branch = master;
				kind = branch;
			};
		};
/* End XCRemoteSwiftPackageReference section */

/* Begin XCSwiftPackageProductDependency section */
		DA3C0763246F218A009E3259 /* SwiftExtensions */ = {
			isa = XCSwiftPackageProductDependency;
			package = DA3C0762246F218A009E3259 /* XCRemoteSwiftPackageReference "Swift-Extensions" */;
			productName = SwiftExtensions;
		};
/* End XCSwiftPackageProductDependency section */
	};
	rootObject = DA3C0741246F1E09009E3259 /* Project object */;
}
